{
  "requires": true,
  "lockfileVersion": 1,
  "dependencies": {
    "@video-js-plugins/videojs-rewind-fast-forward": {
      "version": "1.0.1",
      "resolved": "https://registry.npmjs.org/@video-js-plugins/videojs-rewind-fast-forward/-/videojs-rewind-fast-forward-1.0.1.tgz",
      "integrity": "sha512-hQbtTlNBbFq+DGpdgLPjLrvJSRk0c/+oyA8B+O7v0M8QnwVcNFM2tiQz/gVTrzOl66cDBiX/ALXuUSa/O90iqg=="
    }
  }
}
